
Microsoft Visual Studio Solution File, Format Version 12.00
# Visual Studio Version 17
VisualStudioVersion = 17.5.33326.253
MinimumVisualStudioVersion = 10.0.40219.1
Project("{888888A0-9F3D-457C-B088-3A5042F75D52}") = "AppClassAutoPython", "AppClassAutoPython\AppClassAutoPython.pyproj", "{FA10ABFF-36E0-4D90-95E3-B04B5EC2C94A}"
EndProject
Global
	GlobalSection(SolutionConfigurationPlatforms) = preSolution
		Debug|Any CPU = Debug|Any CPU
		Release|Any CPU = Release|Any CPU
	EndGlobalSection
	GlobalSection(ProjectConfigurationPlatforms) = postSolution
		{FA10ABFF-36E0-4D90-95E3-B04B5EC2C94A}.Debug|Any CPU.ActiveCfg = Debug|Any CPU
		{FA10ABFF-36E0-4D90-95E3-B04B5EC2C94A}.Release|Any CPU.ActiveCfg = Release|Any CPU
	EndGlobalSection
	GlobalSection(SolutionProperties) = preSolution
		HideSolutionNode = FALSE
	EndGlobalSection
	GlobalSection(ExtensibilityGlobals) = postSolution
		SolutionGuid = {B0144DC3-FB34-475C-A5BA-0E258B71E1D5}
	EndGlobalSection
EndGlobal
